
Microsoft Visual Studio Solution File, Format Version 12.00
# Visual Studio Version 17
VisualStudioVersion = 17.0.31903.59
MinimumVisualStudioVersion = 10.0.40219.1
Project("{8BC9CEB8-8B4A-11D0-8D11-00A0C91BC942}") = "CoordCore", "CoordCore\CoordCore.vcxproj", "{6E1B3C58-9A2D-4F7E-B4C1-2D8F5A9E7C43}"
EndProject
Project("{8BC9CEB8-8B4A-11D0-8D11-00A0C91BC942}") = "radar_coord", "radar_coord\radar_coord.vcxproj", "{7A3C1F20-5B84-4A19-9E6D-2C81F0A4D311}"
EndProject
Project("{8BC9CEB8-8B4A-11D0-8D11-00A0C91BC942}") = "CoordUI", "CoordUI\CoordUI.vcxproj", "{A2F7D9C4-3B61-4E8A-9F05-7C1E6B2D4A98}"
EndProject
Global
	GlobalSection(SolutionConfigurationPlatforms) = preSolution
		Debug|x64 = Debug|x64
		Release|x64 = Release|x64
	EndGlobalSection
	GlobalSection(ProjectConfigurationPlatforms) = postSolution
		{6E1B3C58-9A2D-4F7E-B4C1-2D8F5A9E7C43}.Debug|x64.ActiveCfg = Debug|x64
		{6E1B3C58-9A2D-4F7E-B4C1-2D8F5A9E7C43}.Debug|x64.Build.0 = Debug|x64
		{6E1B3C58-9A2D-4F7E-B4C1-2D8F5A9E7C43}.Release|x64.ActiveCfg = Release|x64
		{6E1B3C58-9A2D-4F7E-B4C1-2D8F5A9E7C43}.Release|x64.Build.0 = Release|x64
		{7A3C1F20-5B84-4A19-9E6D-2C81F0A4D311}.Debug|x64.ActiveCfg = Debug|x64
		{7A3C1F20-5B84-4A19-9E6D-2C81F0A4D311}.Debug|x64.Build.0 = Debug|x64
		{7A3C1F20-5B84-4A19-9E6D-2C81F0A4D311}.Release|x64.ActiveCfg = Release|x64
		{7A3C1F20-5B84-4A19-9E6D-2C81F0A4D311}.Release|x64.Build.0 = Release|x64
		{A2F7D9C4-3B61-4E8A-9F05-7C1E6B2D4A98}.Debug|x64.ActiveCfg = Debug|x64
		{A2F7D9C4-3B61-4E8A-9F05-7C1E6B2D4A98}.Debug|x64.Build.0 = Debug|x64
		{A2F7D9C4-3B61-4E8A-9F05-7C1E6B2D4A98}.Release|x64.ActiveCfg = Release|x64
		{A2F7D9C4-3B61-4E8A-9F05-7C1E6B2D4A98}.Release|x64.Build.0 = Release|x64
	EndGlobalSection
	GlobalSection(SolutionProperties) = preSolution
		HideSolutionNode = FALSE
	EndGlobalSection
	GlobalSection(ExtensibilityGlobals) = postSolution
		SolutionGuid = {E21D7C48-9A05-4B63-B1FE-6D40C7852A99}
	EndGlobalSection
EndGlobal
