
Microsoft Visual Studio Solution File, Format Version 12.00
# Visual Studio Version 17
VisualStudioVersion = 17.14.37516.0 d17.14
MinimumVisualStudioVersion = 10.0.40219.1
Project("{8BC9CEB8-8B4A-11D0-8D11-00A0C91BC942}") = "IpcCore", "IpcCore\IpcCore.vcxproj", "{099ECE44-5130-4B3A-8724-F52908864771}"
EndProject
Project("{8BC9CEB8-8B4A-11D0-8D11-00A0C91BC942}") = "IpcUI", "IpcUI\IpcUI.vcxproj", "{DA6C2B85-2B4F-3FB1-B42C-E061AAD154E9}"
EndProject
Global
	GlobalSection(SolutionConfigurationPlatforms) = preSolution
		Debug|x64 = Debug|x64
		Release|x64 = Release|x64
	EndGlobalSection
	GlobalSection(ProjectConfigurationPlatforms) = postSolution
		{099ECE44-5130-4B3A-8724-F52908864771}.Debug|x64.ActiveCfg = Debug|x64
		{099ECE44-5130-4B3A-8724-F52908864771}.Debug|x64.Build.0 = Debug|x64
		{099ECE44-5130-4B3A-8724-F52908864771}.Release|x64.ActiveCfg = Release|x64
		{099ECE44-5130-4B3A-8724-F52908864771}.Release|x64.Build.0 = Release|x64
		{DA6C2B85-2B4F-3FB1-B42C-E061AAD154E9}.Debug|x64.ActiveCfg = Debug|x64
		{DA6C2B85-2B4F-3FB1-B42C-E061AAD154E9}.Debug|x64.Build.0 = Debug|x64
		{DA6C2B85-2B4F-3FB1-B42C-E061AAD154E9}.Release|x64.ActiveCfg = Release|x64
		{DA6C2B85-2B4F-3FB1-B42C-E061AAD154E9}.Release|x64.Build.0 = Release|x64
	EndGlobalSection
	GlobalSection(SolutionProperties) = preSolution
		HideSolutionNode = FALSE
	EndGlobalSection
	GlobalSection(ExtensibilityGlobals) = postSolution
		SolutionGuid = {B467987B-7A2A-4EAF-88F6-3665CD70341E}
	EndGlobalSection
EndGlobal
